// !$*UTF8*$!
{
	archiveVersion = 1;
	classes = {
	};
	objectVersion = 46;
	objects = {

/* Begin PBXBuildFile section */
		658CCCCD1B5A523900A7D9FC /* main.m in Sources */ = {isa = PBXBuildFile; fileRef = 658CCCCC1B5A523900A7D9FC /* main.m */; };
		658CCCD01B5A523900A7D9FC /* AppDelegate.m in Sources */ = {isa = PBXBuildFile; fileRef = 658CCCCF1B5A523900A7D9FC /* AppDelegate.m */; };
		658CCCD31B5A523900A7D9FC /* ViewController.m in Sources */ = {isa = PBXBuildFile; fileRef = 658CCCD21B5A523900A7D9FC /* ViewController.m */; };
		658CCCD61B5A523900A7D9FC /* Main.storyboard in Resources */ = {isa = PBXBuildFile; fileRef = 658CCCD41B5A523900A7D9FC /* Main.storyboard */; };
		658CCCD81B5A523900A7D9FC /* Images.xcassets in Resources */ = {isa = PBXBuildFile; fileRef = 658CCCD71B5A523900A7D9FC /* Images.xcassets */; };
		658CCCDB1B5A523900A7D9FC /* LaunchScreen.xib in Resources */ = {isa = PBXBuildFile; fileRef = 658CCCD91B5A523900A7D9FC /* LaunchScreen.xib */; };
		658CCCE71B5A523A00A7D9FC /* FizzTests.m in Sources */ = {isa = PBXBuildFile; fileRef = 658CCCE61B5A523A00A7D9FC /* FizzTests.m */; };
		658CCCF11B5A526900A7D9FC /* splashscreen-logo.png in Resources */ = {isa = PBXBuildFile; fileRef = 658CCCF01B5A526900A7D9FC /* splashscreen-logo.png */; };
		658CCCFA1B5A602300A7D9FC /* FizzPageViewController.m in Sources */ = {isa = PBXBuildFile; fileRef = 658CCCF91B5A602300A7D9FC /* FizzPageViewController.m */; };
		658CCD011B5A690B00A7D9FC /* bg.png in Resources */ = {isa = PBXBuildFile; fileRef = 658CCCFB1B5A690B00A7D9FC /* bg.png */; };
		658CCD021B5A690B00A7D9FC /* info1.png in Resources */ = {isa = PBXBuildFile; fileRef = 658CCCFC1B5A690B00A7D9FC /* info1.png */; };
		658CCD041B5A690B00A7D9FC /* infotwo.png in Resources */ = {isa = PBXBuildFile; fileRef = 658CCCFE1B5A690B00A7D9FC /* infotwo.png */; };
		658CCD051B5A690B00A7D9FC /* info4.png in Resources */ = {isa = PBXBuildFile; fileRef = 658CCCFF1B5A690B00A7D9FC /* info4.png */; };
		658CCD061B5A690B00A7D9FC /* login_with_facebook.png in Resources */ = {isa = PBXBuildFile; fileRef = 658CCD001B5A690B00A7D9FC /* login_with_facebook.png */; };
		658CCD081B5A7FE400A7D9FC /* FizzLaunchScreen.xib in Resources */ = {isa = PBXBuildFile; fileRef = 658CCD071B5A7FE400A7D9FC /* FizzLaunchScreen.xib */; };
		65E53D891B5CF5ED00ED4D5C /* splashscreen.jpg in Resources */ = {isa = PBXBuildFile; fileRef = 65E53D881B5CF5EC00ED4D5C /* splashscreen.jpg */; };
		65E53D8B1B5D005F00ED4D5C /* info3.png in Resources */ = {isa = PBXBuildFile; fileRef = 65E53D8A1B5D005F00ED4D5C /* info3.png */; };
		65E7640D1B620A49005C8B68 /* FizzFacebookLoginViewController.m in Sources */ = {isa = PBXBuildFile; fileRef = 65E7640C1B620A49005C8B68 /* FizzFacebookLoginViewController.m */; };
		65E764101B620DE5005C8B68 /* FizzFacebookProfileViewController.m in Sources */ = {isa = PBXBuildFile; fileRef = 65E7640F1B620DE5005C8B68 /* FizzFacebookProfileViewController.m */; };
		65E764141B622206005C8B68 /* CoreGraphics.framework in Frameworks */ = {isa = PBXBuildFile; fileRef = 65E764131B622206005C8B68 /* CoreGraphics.framework */; };
		65E764181B622243005C8B68 /* Foundation.framework in Frameworks */ = {isa = PBXBuildFile; fileRef = 65E764171B622243005C8B68 /* Foundation.framework */; };
		65E7641A1B62224E005C8B68 /* UIKit.framework in Frameworks */ = {isa = PBXBuildFile; fileRef = 65E764191B62224E005C8B68 /* UIKit.framework */; };
		65E7641E1B622393005C8B68 /* FizzNetworkViewController.m in Sources */ = {isa = PBXBuildFile; fileRef = 65E7641C1B622393005C8B68 /* FizzNetworkViewController.m */; };
		65E7641F1B622393005C8B68 /* FizzNetworkViewController.xib in Resources */ = {isa = PBXBuildFile; fileRef = 65E7641D1B622393005C8B68 /* FizzNetworkViewController.xib */; };
		65F51E6B1B60DF8100AEABDB /* FacebookSDK.framework in Frameworks */ = {isa = PBXBuildFile; fileRef = 65F51E6A1B60DF8100AEABDB /* FacebookSDK.framework */; };
/* End PBXBuildFile section */

/* Begin PBXContainerItemProxy section */
		658CCCE11B5A523A00A7D9FC /* PBXContainerItemProxy */ = {
			isa = PBXContainerItemProxy;
			containerPortal = 658CCCBF1B5A523900A7D9FC /* Project object */;
			proxyType = 1;
			remoteGlobalIDString = 658CCCC61B5A523900A7D9FC;
			remoteInfo = Fizz;
		};
/* End PBXContainerItemProxy section */

/* Begin PBXFileReference section */
		658CCCC71B5A523900A7D9FC /* Fizz.app */ = {isa = PBXFileReference; explicitFileType = wrapper.application; includeInIndex = 0; path = Fizz.app; sourceTree = BUILT_PRODUCTS_DIR; };
		658CCCCB1B5A523900A7D9FC /* Info.plist */ = {isa = PBXFileReference; lastKnownFileType = text.plist.xml; path = Info.plist; sourceTree = "<group>"; };
		658CCCCC1B5A523900A7D9FC /* main.m */ = {isa = PBXFileReference; lastKnownFileType = sourcecode.c.objc; path = main.m; sourceTree = "<group>"; };
		658CCCCE1B5A523900A7D9FC /* AppDelegate.h */ = {isa = PBXFileReference; lastKnownFileType = sourcecode.c.h; path = AppDelegate.h; sourceTree = "<group>"; };
		658CCCCF1B5A523900A7D9FC /* AppDelegate.m */ = {isa = PBXFileReference; lastKnownFileType = sourcecode.c.objc; path = AppDelegate.m; sourceTree = "<group>"; };
		658CCCD11B5A523900A7D9FC /* ViewController.h */ = {isa = PBXFileReference; lastKnownFileType = sourcecode.c.h; path = ViewController.h; sourceTree = "<group>"; };
		658CCCD21B5A523900A7D9FC /* ViewController.m */ = {isa = PBXFileReference; lastKnownFileType = sourcecode.c.objc; path = ViewController.m; sourceTree = "<group>"; };
		658CCCD51B5A523900A7D9FC /* Base */ = {isa = PBXFileReference; lastKnownFileType = file.storyboard; name = Base; path = Base.lproj/Main.storyboard; sourceTree = "<group>"; };
		658CCCD71B5A523900A7D9FC /* Images.xcassets */ = {isa = PBXFileReference; lastKnownFileType = folder.assetcatalog; path = Images.xcassets; sourceTree = "<group>"; };
		658CCCDA1B5A523900A7D9FC /* Base */ = {isa = PBXFileReference; lastKnownFileType = file.xib; name = Base; path = Base.lproj/LaunchScreen.xib; sourceTree = "<group>"; };
		658CCCE01B5A523A00A7D9FC /* FizzTests.xctest */ = {isa = PBXFileReference; explicitFileType = wrapper.cfbundle; includeInIndex = 0; path = FizzTests.xctest; sourceTree = BUILT_PRODUCTS_DIR; };
		658CCCE51B5A523A00A7D9FC /* Info.plist */ = {isa = PBXFileReference; lastKnownFileType = text.plist.xml; path = Info.plist; sourceTree = "<group>"; };
		658CCCE61B5A523A00A7D9FC /* FizzTests.m */ = {isa = PBXFileReference; lastKnownFileType = sourcecode.c.objc; path = FizzTests.m; sourceTree = "<group>"; };
		658CCCF01B5A526900A7D9FC /* splashscreen-logo.png */ = {isa = PBXFileReference; lastKnownFileType = image.png; path = "splashscreen-logo.png"; sourceTree = "<group>"; };
		658CCCF81B5A602300A7D9FC /* FizzPageViewController.h */ = {isa = PBXFileReference; fileEncoding = 4; lastKnownFileType = sourcecode.c.h; path = FizzPageViewController.h; sourceTree = SOURCE_ROOT; };
		658CCCF91B5A602300A7D9FC /* FizzPageViewController.m */ = {isa = PBXFileReference; fileEncoding = 4; lastKnownFileType = sourcecode.c.objc; path = FizzPageViewController.m; sourceTree = SOURCE_ROOT; };
		658CCCFB1B5A690B00A7D9FC /* bg.png */ = {isa = PBXFileReference; lastKnownFileType = image.png; path = bg.png; sourceTree = "<group>"; };
		658CCCFC1B5A690B00A7D9FC /* info1.png */ = {isa = PBXFileReference; lastKnownFileType = image.png; path = info1.png; sourceTree = "<group>"; };
		658CCCFE1B5A690B00A7D9FC /* infotwo.png */ = {isa = PBXFileReference; lastKnownFileType = image.png; path = infotwo.png; sourceTree = "<group>"; };
		658CCCFF1B5A690B00A7D9FC /* info4.png */ = {isa = PBXFileReference; lastKnownFileType = image.png; path = info4.png; sourceTree = "<group>"; };
		658CCD001B5A690B00A7D9FC /* login_with_facebook.png */ = {isa = PBXFileReference; lastKnownFileType = image.png; path = login_with_facebook.png; sourceTree = "<group>"; };
		658CCD071B5A7FE400A7D9FC /* FizzLaunchScreen.xib */ = {isa = PBXFileReference; fileEncoding = 4; lastKnownFileType = file.xib; path = FizzLaunchScreen.xib; sourceTree = SOURCE_ROOT; };
		65E53D881B5CF5EC00ED4D5C /* splashscreen.jpg */ = {isa = PBXFileReference; lastKnownFileType = image.jpeg; path = splashscreen.jpg; sourceTree = "<group>"; };
		65E53D8A1B5D005F00ED4D5C /* info3.png */ = {isa = PBXFileReference; lastKnownFileType = image.png; path = info3.png; sourceTree = "<group>"; };
		65E7640B1B620A49005C8B68 /* FizzFacebookLoginViewController.h */ = {isa = PBXFileReference; fileEncoding = 4; lastKnownFileType = sourcecode.c.h; path = FizzFacebookLoginViewController.h; sourceTree = SOURCE_ROOT; };
		65E7640C1B620A49005C8B68 /* FizzFacebookLoginViewController.m */ = {isa = PBXFileReference; fileEncoding = 4; lastKnownFileType = sourcecode.c.objc; path = FizzFacebookLoginViewController.m; sourceTree = SOURCE_ROOT; };
		65E7640E1B620DE5005C8B68 /* FizzFacebookProfileViewController.h */ = {isa = PBXFileReference; fileEncoding = 4; lastKnownFileType = sourcecode.c.h; path = FizzFacebookProfileViewController.h; sourceTree = SOURCE_ROOT; };
		65E7640F1B620DE5005C8B68 /* FizzFacebookProfileViewController.m */ = {isa = PBXFileReference; fileEncoding = 4; lastKnownFileType = sourcecode.c.objc; path = FizzFacebookProfileViewController.m; sourceTree = SOURCE_ROOT; };
		65E764131B622206005C8B68 /* CoreGraphics.framework */ = {isa = PBXFileReference; lastKnownFileType = wrapper.framework; name = CoreGraphics.framework; path = System/Library/Frameworks/CoreGraphics.framework; sourceTree = SDKROOT; };
		65E764171B622243005C8B68 /* Foundation.framework */ = {isa = PBXFileReference; lastKnownFileType = wrapper.framework; name = Foundation.framework; path = System/Library/Frameworks/Foundation.framework; sourceTree = SDKROOT; };
		65E764191B62224E005C8B68 /* UIKit.framework */ = {isa = PBXFileReference; lastKnownFileType = wrapper.framework; name = UIKit.framework; path = System/Library/Frameworks/UIKit.framework; sourceTree = SDKROOT; };
		65E7641B1B622393005C8B68 /* FizzNetworkViewController.h */ = {isa = PBXFileReference; fileEncoding = 4; lastKnownFileType = sourcecode.c.h; path = FizzNetworkViewController.h; sourceTree = SOURCE_ROOT; };
		65E7641C1B622393005C8B68 /* FizzNetworkViewController.m */ = {isa = PBXFileReference; fileEncoding = 4; lastKnownFileType = sourcecode.c.objc; path = FizzNetworkViewController.m; sourceTree = SOURCE_ROOT; };
		65E7641D1B622393005C8B68 /* FizzNetworkViewController.xib */ = {isa = PBXFileReference; fileEncoding = 4; lastKnownFileType = file.xib; path = FizzNetworkViewController.xib; sourceTree = SOURCE_ROOT; };
		65F51E6A1B60DF8100AEABDB /* FacebookSDK.framework */ = {isa = PBXFileReference; lastKnownFileType = wrapper.framework; name = FacebookSDK.framework; path = ../../FacebookSDK/FacebookSDK.framework; sourceTree = "<group>"; };
/* End PBXFileReference section */

/* Begin PBXFrameworksBuildPhase section */
		658CCCC41B5A523900A7D9FC /* Frameworks */ = {
			isa = PBXFrameworksBuildPhase;
			buildActionMask = 2147483647;
			files = (
				65E7641A1B62224E005C8B68 /* UIKit.framework in Frameworks */,
				65E764181B622243005C8B68 /* Foundation.framework in Frameworks */,
				65E764141B622206005C8B68 /* CoreGraphics.framework in Frameworks */,
				65F51E6B1B60DF8100AEABDB /* FacebookSDK.framework in Frameworks */,
			);
			runOnlyForDeploymentPostprocessing = 0;
		};
		658CCCDD1B5A523A00A7D9FC /* Frameworks */ = {
			isa = PBXFrameworksBuildPhase;
			buildActionMask = 2147483647;
			files = (
			);
			runOnlyForDeploymentPostprocessing = 0;
		};
/* End PBXFrameworksBuildPhase section */

/* Begin PBXGroup section */
		658CCCBE1B5A523900A7D9FC = {
			isa = PBXGroup;
			children = (
				658CCCC91B5A523900A7D9FC /* Fizz */,
				658CCCE31B5A523A00A7D9FC /* FizzTests */,
				658CCCC81B5A523900A7D9FC /* Products */,
			);
			sourceTree = "<group>";
		};
		658CCCC81B5A523900A7D9FC /* Products */ = {
			isa = PBXGroup;
			children = (
				658CCCC71B5A523900A7D9FC /* Fizz.app */,
				658CCCE01B5A523A00A7D9FC /* FizzTests.xctest */,
			);
			name = Products;
			sourceTree = "<group>";
		};
		658CCCC91B5A523900A7D9FC /* Fizz */ = {
			isa = PBXGroup;
			children = (
				658CCCD41B5A523900A7D9FC /* Main.storyboard */,
				658CCD071B5A7FE400A7D9FC /* FizzLaunchScreen.xib */,
				658CCCCE1B5A523900A7D9FC /* AppDelegate.h */,
				658CCCCF1B5A523900A7D9FC /* AppDelegate.m */,
				65E7641B1B622393005C8B68 /* FizzNetworkViewController.h */,
				65E7641C1B622393005C8B68 /* FizzNetworkViewController.m */,
				65E7641D1B622393005C8B68 /* FizzNetworkViewController.xib */,
				65E7640E1B620DE5005C8B68 /* FizzFacebookProfileViewController.h */,
				65E7640F1B620DE5005C8B68 /* FizzFacebookProfileViewController.m */,
				65E7640B1B620A49005C8B68 /* FizzFacebookLoginViewController.h */,
				65E7640C1B620A49005C8B68 /* FizzFacebookLoginViewController.m */,
				658CCCD11B5A523900A7D9FC /* ViewController.h */,
				658CCCD21B5A523900A7D9FC /* ViewController.m */,
				658CCCF81B5A602300A7D9FC /* FizzPageViewController.h */,
				658CCCF91B5A602300A7D9FC /* FizzPageViewController.m */,
				658CCCD71B5A523900A7D9FC /* Images.xcassets */,
				658CCCD91B5A523900A7D9FC /* LaunchScreen.xib */,
				658CCCCA1B5A523900A7D9FC /* Supporting Files */,
			);
			path = Fizz;
			sourceTree = "<group>";
		};
		658CCCCA1B5A523900A7D9FC /* Supporting Files */ = {
			isa = PBXGroup;
			children = (
				65F51E6A1B60DF8100AEABDB /* FacebookSDK.framework */,
				65E764131B622206005C8B68 /* CoreGraphics.framework */,
				65E764171B622243005C8B68 /* Foundation.framework */,
				65E764191B62224E005C8B68 /* UIKit.framework */,
				658CCCF01B5A526900A7D9FC /* splashscreen-logo.png */,
				65E53D881B5CF5EC00ED4D5C /* splashscreen.jpg */,
				658CCD001B5A690B00A7D9FC /* login_with_facebook.png */,
				658CCCFB1B5A690B00A7D9FC /* bg.png */,
				658CCCFC1B5A690B00A7D9FC /* info1.png */,
				658CCCFE1B5A690B00A7D9FC /* infotwo.png */,
				65E53D8A1B5D005F00ED4D5C /* info3.png */,
				658CCCFF1B5A690B00A7D9FC /* info4.png */,
				658CCCCB1B5A523900A7D9FC /* Info.plist */,
				658CCCCC1B5A523900A7D9FC /* main.m */,
			);
			name = "Supporting Files";
			sourceTree = "<group>";
		};
		658CCCE31B5A523A00A7D9FC /* FizzTests */ = {
			isa = PBXGroup;
			children = (
				658CCCE61B5A523A00A7D9FC /* FizzTests.m */,
				658CCCE41B5A523A00A7D9FC /* Supporting Files */,
			);
			path = FizzTests;
			sourceTree = "<group>";
		};
		658CCCE41B5A523A00A7D9FC /* Supporting Files */ = {
			isa = PBXGroup;
			children = (
				658CCCE51B5A523A00A7D9FC /* Info.plist */,
			);
			name = "Supporting Files";
			sourceTree = "<group>";
		};
/* End PBXGroup section */

/* Begin PBXNativeTarget section */
		658CCCC61B5A523900A7D9FC /* Fizz */ = {
			isa = PBXNativeTarget;
			buildConfigurationList = 658CCCEA1B5A523A00A7D9FC /* Build configuration list for PBXNativeTarget "Fizz" */;
			buildPhases = (
				658CCCC31B5A523900A7D9FC /* Sources */,
				658CCCC41B5A523900A7D9FC /* Frameworks */,
				658CCCC51B5A523900A7D9FC /* Resources */,
			);
			buildRules = (
			);
			dependencies = (
			);
			name = Fizz;
			productName = Fizz;
			productReference = 658CCCC71B5A523900A7D9FC /* Fizz.app */;
			productType = "com.apple.product-type.application";
		};
		658CCCDF1B5A523A00A7D9FC /* FizzTests */ = {
			isa = PBXNativeTarget;
			buildConfigurationList = 658CCCED1B5A523A00A7D9FC /* Build configuration list for PBXNativeTarget "FizzTests" */;
			buildPhases = (
				658CCCDC1B5A523A00A7D9FC /* Sources */,
				658CCCDD1B5A523A00A7D9FC /* Frameworks */,
				658CCCDE1B5A523A00A7D9FC /* Resources */,
			);
			buildRules = (
			);
			dependencies = (
				658CCCE21B5A523A00A7D9FC /* PBXTargetDependency */,
			);
			name = FizzTests;
			productName = FizzTests;
			productReference = 658CCCE01B5A523A00A7D9FC /* FizzTests.xctest */;
			productType = "com.apple.product-type.bundle.unit-test";
		};
/* End PBXNativeTarget section */

/* Begin PBXProject section */
		658CCCBF1B5A523900A7D9FC /* Project object */ = {
			isa = PBXProject;
			attributes = {
				LastUpgradeCheck = 0640;
				ORGANIZATIONNAME = DazeCorp;
				TargetAttributes = {
					658CCCC61B5A523900A7D9FC = {
						CreatedOnToolsVersion = 6.4;
						DevelopmentTeam = U68BNBJ7P2;
					};
					658CCCDF1B5A523A00A7D9FC = {
						CreatedOnToolsVersion = 6.4;
						TestTargetID = 658CCCC61B5A523900A7D9FC;
					};
				};
			};
			buildConfigurationList = 658CCCC21B5A523900A7D9FC /* Build configuration list for PBXProject "Fizz" */;
			compatibilityVersion = "Xcode 3.2";
			developmentRegion = English;
			hasScannedForEncodings = 0;
			knownRegions = (
				en,
				Base,
			);
			mainGroup = 658CCCBE1B5A523900A7D9FC;
			productRefGroup = 658CCCC81B5A523900A7D9FC /* Products */;
			projectDirPath = "";
			projectRoot = "";
			targets = (
				658CCCC61B5A523900A7D9FC /* Fizz */,
				658CCCDF1B5A523A00A7D9FC /* FizzTests */,
			);
		};
/* End PBXProject section */

/* Begin PBXResourcesBuildPhase section */
		658CCCC51B5A523900A7D9FC /* Resources */ = {
			isa = PBXResourcesBuildPhase;
			buildActionMask = 2147483647;
			files = (
				658CCD011B5A690B00A7D9FC /* bg.png in Resources */,
				658CCCD61B5A523900A7D9FC /* Main.storyboard in Resources */,
				65E53D891B5CF5ED00ED4D5C /* splashscreen.jpg in Resources */,
				658CCCF11B5A526900A7D9FC /* splashscreen-logo.png in Resources */,
				658CCD041B5A690B00A7D9FC /* infotwo.png in Resources */,
				658CCCDB1B5A523900A7D9FC /* LaunchScreen.xib in Resources */,
				658CCCD81B5A523900A7D9FC /* Images.xcassets in Resources */,
				658CCD081B5A7FE400A7D9FC /* FizzLaunchScreen.xib in Resources */,
				658CCD021B5A690B00A7D9FC /* info1.png in Resources */,
				658CCD051B5A690B00A7D9FC /* info4.png in Resources */,
				658CCD061B5A690B00A7D9FC /* login_with_facebook.png in Resources */,
				65E7641F1B622393005C8B68 /* FizzNetworkViewController.xib in Resources */,
				65E53D8B1B5D005F00ED4D5C /* info3.png in Resources */,
			);
			runOnlyForDeploymentPostprocessing = 0;
		};
		658CCCDE1B5A523A00A7D9FC /* Resources */ = {
			isa = PBXResourcesBuildPhase;
			buildActionMask = 2147483647;
			files = (
			);
			runOnlyForDeploymentPostprocessing = 0;
		};
/* End PBXResourcesBuildPhase section */

/* Begin PBXSourcesBuildPhase section */
		658CCCC31B5A523900A7D9FC /* Sources */ = {
			isa = PBXSourcesBuildPhase;
			buildActionMask = 2147483647;
			files = (
				65E764101B620DE5005C8B68 /* FizzFacebookProfileViewController.m in Sources */,
				658CCCD31B5A523900A7D9FC /* ViewController.m in Sources */,
				65E7641E1B622393005C8B68 /* FizzNetworkViewController.m in Sources */,
				65E7640D1B620A49005C8B68 /* FizzFacebookLoginViewController.m in Sources */,
				658CCCD01B5A523900A7D9FC /* AppDelegate.m in Sources */,
				658CCCFA1B5A602300A7D9FC /* FizzPageViewController.m in Sources */,
				658CCCCD1B5A523900A7D9FC /* main.m in Sources */,
			);
			runOnlyForDeploymentPostprocessing = 0;
		};
		658CCCDC1B5A523A00A7D9FC /* Sources */ = {
			isa = PBXSourcesBuildPhase;
			buildActionMask = 2147483647;
			files = (
				658CCCE71B5A523A00A7D9FC /* FizzTests.m in Sources */,
			);
			runOnlyForDeploymentPostprocessing = 0;
		};
/* End PBXSourcesBuildPhase section */

/* Begin PBXTargetDependency section */
		658CCCE21B5A523A00A7D9FC /* PBXTargetDependency */ = {
			isa = PBXTargetDependency;
			target = 658CCCC61B5A523900A7D9FC /* Fizz */;
			targetProxy = 658CCCE11B5A523A00A7D9FC /* PBXContainerItemProxy */;
		};
/* End PBXTargetDependency section */

/* Begin PBXVariantGroup section */
		658CCCD41B5A523900A7D9FC /* Main.storyboard */ = {
			isa = PBXVariantGroup;
			children = (
				658CCCD51B5A523900A7D9FC /* Base */,
			);
			name = Main.storyboard;
			sourceTree = "<group>";
		};
		658CCCD91B5A523900A7D9FC /* LaunchScreen.xib */ = {
			isa = PBXVariantGroup;
			children = (
				658CCCDA1B5A523900A7D9FC /* Base */,
			);
			name = LaunchScreen.xib;
			sourceTree = "<group>";
		};
/* End PBXVariantGroup section */

/* Begin XCBuildConfiguration section */
		658CCCE81B5A523A00A7D9FC /* Debug */ = {
			isa = XCBuildConfiguration;
			buildSettings = {
				ALWAYS_SEARCH_USER_PATHS = NO;
				CLANG_CXX_LANGUAGE_STANDARD = "gnu++0x";
				CLANG_CXX_LIBRARY = "libc++";
				CLANG_ENABLE_MODULES = YES;
				CLANG_ENABLE_OBJC_ARC = YES;
				CLANG_WARN_BOOL_CONVERSION = YES;
				CLANG_WARN_CONSTANT_CONVERSION = YES;
				CLANG_WARN_DIRECT_OBJC_ISA_USAGE = YES_ERROR;
				CLANG_WARN_EMPTY_BODY = YES;
				CLANG_WARN_ENUM_CONVERSION = YES;
				CLANG_WARN_INT_CONVERSION = YES;
				CLANG_WARN_OBJC_ROOT_CLASS = YES_ERROR;
				CLANG_WARN_UNREACHABLE_CODE = YES;
				CLANG_WARN__DUPLICATE_METHOD_MATCH = YES;
				"CODE_SIGN_IDENTITY[sdk=iphoneos*]" = "iPhone Developer";
				COPY_PHASE_STRIP = NO;
				DEBUG_INFORMATION_FORMAT = "dwarf-with-dsym";
				ENABLE_STRICT_OBJC_MSGSEND = YES;
				GCC_C_LANGUAGE_STANDARD = gnu99;
				GCC_DYNAMIC_NO_PIC = NO;
				GCC_NO_COMMON_BLOCKS = YES;
				GCC_OPTIMIZATION_LEVEL = 0;
				GCC_PREPROCESSOR_DEFINITIONS = (
					"DEBUG=1",
					"$(inherited)",
				);
				GCC_SYMBOLS_PRIVATE_EXTERN = NO;
				GCC_WARN_64_TO_32_BIT_CONVERSION = YES;
				GCC_WARN_ABOUT_RETURN_TYPE = YES_ERROR;
				GCC_WARN_UNDECLARED_SELECTOR = YES;
				GCC_WARN_UNINITIALIZED_AUTOS = YES_AGGRESSIVE;
				GCC_WARN_UNUSED_FUNCTION = YES;
				GCC_WARN_UNUSED_VARIABLE = YES;
				IPHONEOS_DEPLOYMENT_TARGET = 8.4;
				MTL_ENABLE_DEBUG_INFO = YES;
				ONLY_ACTIVE_ARCH = YES;
				SDKROOT = iphoneos;
			};
			name = Debug;
		};
		658CCCE91B5A523A00A7D9FC /* Release */ = {
			isa = XCBuildConfiguration;
			buildSettings = {
				ALWAYS_SEARCH_USER_PATHS = NO;
				CLANG_CXX_LANGUAGE_STANDARD = "gnu++0x";
				CLANG_CXX_LIBRARY = "libc++";
				CLANG_ENABLE_MODULES = YES;
				CLANG_ENABLE_OBJC_ARC = YES;
				CLANG_WARN_BOOL_CONVERSION = YES;
				CLANG_WARN_CONSTANT_CONVERSION = YES;
				CLANG_WARN_DIRECT_OBJC_ISA_USAGE = YES_ERROR;
				CLANG_WARN_EMPTY_BODY = YES;
				CLANG_WARN_ENUM_CONVERSION = YES;
				CLANG_WARN_INT_CONVERSION = YES;
				CLANG_WARN_OBJC_ROOT_CLASS = YES_ERROR;
				CLANG_WARN_UNREACHABLE_CODE = YES;
				CLANG_WARN__DUPLICATE_METHOD_MATCH = YES;
				"CODE_SIGN_IDENTITY[sdk=iphoneos*]" = "iPhone Developer";
				COPY_PHASE_STRIP = NO;
				DEBUG_INFORMATION_FORMAT = "dwarf-with-dsym";
				ENABLE_NS_ASSERTIONS = NO;
				ENABLE_STRICT_OBJC_MSGSEND = YES;
				GCC_C_LANGUAGE_STANDARD = gnu99;
				GCC_NO_COMMON_BLOCKS = YES;
				GCC_WARN_64_TO_32_BIT_CONVERSION = YES;
				GCC_WARN_ABOUT_RETURN_TYPE = YES_ERROR;
				GCC_WARN_UNDECLARED_SELECTOR = YES;
				GCC_WARN_UNINITIALIZED_AUTOS = YES_AGGRESSIVE;
				GCC_WARN_UNUSED_FUNCTION = YES;
				GCC_WARN_UNUSED_VARIABLE = YES;
				IPHONEOS_DEPLOYMENT_TARGET = 8.4;
				MTL_ENABLE_DEBUG_INFO = NO;
				SDKROOT = iphoneos;
				VALIDATE_PRODUCT = YES;
			};
			name = Release;
		};
		658CCCEB1B5A523A00A7D9FC /* Debug */ = {
			isa = XCBuildConfiguration;
			buildSettings = {
				ASSETCATALOG_COMPILER_APPICON_NAME = AppIcon;
				CODE_SIGN_IDENTITY = "iPhone Developer";
				"CODE_SIGN_IDENTITY[sdk=iphoneos*]" = "iPhone Developer";
				FRAMEWORK_SEARCH_PATHS = (
					"$(inherited)",
					/Users/DazeCorp/Documents/FacebookSDK,
				);
				INFOPLIST_FILE = Fizz/Info.plist;
				IPHONEOS_DEPLOYMENT_TARGET = 8.4;
				LD_RUNPATH_SEARCH_PATHS = "$(inherited) @executable_path/Frameworks";
				PRODUCT_NAME = "$(TARGET_NAME)";
				PROVISIONING_PROFILE = "";
				TARGETED_DEVICE_FAMILY = 1;
			};
			name = Debug;
		};
		658CCCEC1B5A523A00A7D9FC /* Release */ = {
			isa = XCBuildConfiguration;
			buildSettings = {
				ASSETCATALOG_COMPILER_APPICON_NAME = AppIcon;
				CODE_SIGN_IDENTITY = "iPhone Developer";
				"CODE_SIGN_IDENTITY[sdk=iphoneos*]" = "iPhone Developer";
				FRAMEWORK_SEARCH_PATHS = (
					"$(inherited)",
					/Users/DazeCorp/Documents/FacebookSDK,
				);
				INFOPLIST_FILE = Fizz/Info.plist;
				IPHONEOS_DEPLOYMENT_TARGET = 8.4;
				LD_RUNPATH_SEARCH_PATHS = "$(inherited) @executable_path/Frameworks";
				PRODUCT_NAME = "$(TARGET_NAME)";
				PROVISIONING_PROFILE = "";
				TARGETED_DEVICE_FAMILY = 1;
			};
			name = Release;
		};
		658CCCEE1B5A523A00A7D9FC /* Debug */ = {
			isa = XCBuildConfiguration;
			buildSettings = {
				BUNDLE_LOADER = "$(TEST_HOST)";
				FRAMEWORK_SEARCH_PATHS = (
					"$(SDKROOT)/Developer/Library/Frameworks",
					"$(inherited)",
				);
				GCC_PREPROCESSOR_DEFINITIONS = (
					"DEBUG=1",
					"$(inherited)",
				);
				INFOPLIST_FILE = FizzTests/Info.plist;
				LD_RUNPATH_SEARCH_PATHS = "$(inherited) @executable_path/Frameworks @loader_path/Frameworks";
				PRODUCT_NAME = "$(TARGET_NAME)";
				TEST_HOST = "$(BUILT_PRODUCTS_DIR)/Fizz.app/Fizz";
			};
			name = Debug;
		};
		658CCCEF1B5A523A00A7D9FC /* Release */ = {
			isa = XCBuildConfiguration;
			buildSettings = {
				BUNDLE_LOADER = "$(TEST_HOST)";
				FRAMEWORK_SEARCH_PATHS = (
					"$(SDKROOT)/Developer/Library/Frameworks",
					"$(inherited)",
				);
				INFOPLIST_FILE = FizzTests/Info.plist;
				LD_RUNPATH_SEARCH_PATHS = "$(inherited) @executable_path/Frameworks @loader_path/Frameworks";
				PRODUCT_NAME = "$(TARGET_NAME)";
				TEST_HOST = "$(BUILT_PRODUCTS_DIR)/Fizz.app/Fizz";
			};
			name = Release;
		};
/* End XCBuildConfiguration section */

/* Begin XCConfigurationList section */
		658CCCC21B5A523900A7D9FC /* Build configuration list for PBXProject "Fizz" */ = {
			isa = XCConfigurationList;
			buildConfigurations = (
				658CCCE81B5A523A00A7D9FC /* Debug */,
				658CCCE91B5A523A00A7D9FC /* Release */,
			);
			defaultConfigurationIsVisible = 0;
			defaultConfigurationName = Release;
		};
		658CCCEA1B5A523A00A7D9FC /* Build configuration list for PBXNativeTarget "Fizz" */ = {
			isa = XCConfigurationList;
			buildConfigurations = (
				658CCCEB1B5A523A00A7D9FC /* Debug */,
				658CCCEC1B5A523A00A7D9FC /* Release */,
			);
			defaultConfigurationIsVisible = 0;
			defaultConfigurationName = Release;
		};
		658CCCED1B5A523A00A7D9FC /* Build configuration list for PBXNativeTarget "FizzTests" */ = {
			isa = XCConfigurationList;
			buildConfigurations = (
				658CCCEE1B5A523A00A7D9FC /* Debug */,
				658CCCEF1B5A523A00A7D9FC /* Release */,
			);
			defaultConfigurationIsVisible = 0;
			defaultConfigurationName = Release;
		};
/* End XCConfigurationList section */
	};
	rootObject = 658CCCBF1B5A523900A7D9FC /* Project object */;
}
